
Microsoft Visual Studio Solution File, Format Version 12.00
# Visual Studio 14
VisualStudioVersion = 14.0.23107.0
MinimumVisualStudioVersion = 10.0.40219.1
Project("{2150E333-8FDC-42A3-9474-1A3956D46DE8}") = "src", "src", "{478C168F-657F-4AC4-A9CD-4F1C374E148B}"
EndProject
Project("{2150E333-8FDC-42A3-9474-1A3956D46DE8}") = "Solution Items", "Solution Items", "{99EC87A1-BF60-4087-BF21-C31519AF0110}"
	ProjectSection(SolutionItems) = preProject
		global.json = global.json
		NuGet.Config = NuGet.Config
	EndProjectSection
EndProject
Project("{8BB2217D-0F2D-49D1-97BC-3654ED321F3B}") = "Hello.Atd", "src\Hello.Atd\Hello.Atd.xproj", "{C4BF5493-8BC2-4CF7-89A4-46D4A8E8A2B3}"
EndProject
Project("{8BB2217D-0F2D-49D1-97BC-3654ED321F3B}") = "Utilites", "src\Utilites\Utilites.xproj", "{ABE55328-1368-4ED3-8E33-67645FBBA94A}"
EndProject
Global
	GlobalSection(SolutionConfigurationPlatforms) = preSolution
		Debug|Any CPU = Debug|Any CPU
		Release|Any CPU = Release|Any CPU
	EndGlobalSection
	GlobalSection(ProjectConfigurationPlatforms) = postSolution
		{C4BF5493-8BC2-4CF7-89A4-46D4A8E8A2B3}.Debug|Any CPU.ActiveCfg = Debug|Any CPU
		{C4BF5493-8BC2-4CF7-89A4-46D4A8E8A2B3}.Debug|Any CPU.Build.0 = Debug|Any CPU
		{C4BF5493-8BC2-4CF7-89A4-46D4A8E8A2B3}.Release|Any CPU.ActiveCfg = Release|Any CPU
		{C4BF5493-8BC2-4CF7-89A4-46D4A8E8A2B3}.Release|Any CPU.Build.0 = Release|Any CPU
		{ABE55328-1368-4ED3-8E33-67645FBBA94A}.Debug|Any CPU.ActiveCfg = Debug|Any CPU
		{ABE55328-1368-4ED3-8E33-67645FBBA94A}.Debug|Any CPU.Build.0 = Debug|Any CPU
		{ABE55328-1368-4ED3-8E33-67645FBBA94A}.Release|Any CPU.ActiveCfg = Release|Any CPU
		{ABE55328-1368-4ED3-8E33-67645FBBA94A}.Release|Any CPU.Build.0 = Release|Any CPU
	EndGlobalSection
	GlobalSection(SolutionProperties) = preSolution
		HideSolutionNode = FALSE
	EndGlobalSection
	GlobalSection(NestedProjects) = preSolution
		{C4BF5493-8BC2-4CF7-89A4-46D4A8E8A2B3} = {478C168F-657F-4AC4-A9CD-4F1C374E148B}
		{ABE55328-1368-4ED3-8E33-67645FBBA94A} = {478C168F-657F-4AC4-A9CD-4F1C374E148B}
	EndGlobalSection
EndGlobal
